
Microsoft Visual Studio Solution File, Format Version 12.00
# Visual Studio Version 17
VisualStudioVersion = 17.7.34202.233
MinimumVisualStudioVersion = 10.0.40219.1
Project("{FAE04EC0-301F-11D3-BF4B-00C04F79EFBC}") = "BankApi.Baackend", "BankApi.Baackend\BankApi.Baackend.csproj", "{31297AFB-002E-4AD2-B84E-E231B4C6CB17}"
EndProject
Project("{FAE04EC0-301F-11D3-BF4B-00C04F79EFBC}") = "BankApi.Repository", "BankApi.Repository\BankApi.Repository.csproj", "{1575AFD5-C69A-4188-8BA1-F210C7501E8B}"
EndProject
Global
	GlobalSection(SolutionConfigurationPlatforms) = preSolution
		Debug|Any CPU = Debug|Any CPU
		Release|Any CPU = Release|Any CPU
	EndGlobalSection
	GlobalSection(ProjectConfigurationPlatforms) = postSolution
		{31297AFB-002E-4AD2-B84E-E231B4C6CB17}.Debug|Any CPU.ActiveCfg = Debug|Any CPU
		{31297AFB-002E-4AD2-B84E-E231B4C6CB17}.Debug|Any CPU.Build.0 = Debug|Any CPU
		{31297AFB-002E-4AD2-B84E-E231B4C6CB17}.Release|Any CPU.ActiveCfg = Release|Any CPU
		{31297AFB-002E-4AD2-B84E-E231B4C6CB17}.Release|Any CPU.Build.0 = Release|Any CPU
		{1575AFD5-C69A-4188-8BA1-F210C7501E8B}.Debug|Any CPU.ActiveCfg = Debug|Any CPU
		{1575AFD5-C69A-4188-8BA1-F210C7501E8B}.Debug|Any CPU.Build.0 = Debug|Any CPU
		{1575AFD5-C69A-4188-8BA1-F210C7501E8B}.Release|Any CPU.ActiveCfg = Release|Any CPU
		{1575AFD5-C69A-4188-8BA1-F210C7501E8B}.Release|Any CPU.Build.0 = Release|Any CPU
	EndGlobalSection
	GlobalSection(SolutionProperties) = preSolution
		HideSolutionNode = FALSE
	EndGlobalSection
	GlobalSection(ExtensibilityGlobals) = postSolution
		SolutionGuid = {EBD15AE4-D267-432D-8479-05E64A221A5B}
	EndGlobalSection
EndGlobal
